{
  "name": "modules",
  "lockfileVersion": 2,
  "requires": true,
  "packages": {
    "": {
      "dependencies": {
        "@types/howler": "^2.2.4",
        "howler": "^2.2.3",
        "luxon": "^2.3.0"
      }
    },
    "node_modules/@types/howler": {
      "version": "2.2.4",
      "resolved": "https://registry.npmjs.org/@types/howler/-/howler-2.2.4.tgz",
      "integrity": "sha512-/Bs5TyNUWuXPnWe3RB6bS6giQzGHRXmSycq4Mo/2i4C6zwfR7foaAAx1Vo5pMyOAT/ufTfU6WZQHhdvCDBKRig=="
    },
    "node_modules/howler": {
      "version": "2.2.3",
      "resolved": "https://registry.npmjs.org/howler/-/howler-2.2.3.tgz",
      "integrity": "sha512-QM0FFkw0LRX1PR8pNzJVAY25JhIWvbKMBFM4gqk+QdV+kPXOhleWGCB6AiAF/goGjIHK2e/nIElplvjQwhr0jg=="
    },
    "node_modules/luxon": {
      "version": "2.3.0",
      "resolved": "https://registry.npmjs.org/luxon/-/luxon-2.3.0.tgz",
      "integrity": "sha512-gv6jZCV+gGIrVKhO90yrsn8qXPKD8HYZJtrUDSfEbow8Tkw84T9OnCyJhWvnJIaIF/tBuiAjZuQHUt1LddX2mg==",
      "engines": {
        "node": ">=12"
      }
    }
  },
  "dependencies": {
    "@types/howler": {
      "version": "2.2.4",
      "resolved": "https://registry.npmjs.org/@types/howler/-/howler-2.2.4.tgz",
      "integrity": "sha512-/Bs5TyNUWuXPnWe3RB6bS6giQzGHRXmSycq4Mo/2i4C6zwfR7foaAAx1Vo5pMyOAT/ufTfU6WZQHhdvCDBKRig=="
    },
    "howler": {
      "version": "2.2.3",
      "resolved": "https://registry.npmjs.org/howler/-/howler-2.2.3.tgz",
      "integrity": "sha512-QM0FFkw0LRX1PR8pNzJVAY25JhIWvbKMBFM4gqk+QdV+kPXOhleWGCB6AiAF/goGjIHK2e/nIElplvjQwhr0jg=="
    },
    "luxon": {
      "version": "2.3.0",
      "resolved": "https://registry.npmjs.org/luxon/-/luxon-2.3.0.tgz",
      "integrity": "sha512-gv6jZCV+gGIrVKhO90yrsn8qXPKD8HYZJtrUDSfEbow8Tkw84T9OnCyJhWvnJIaIF/tBuiAjZuQHUt1LddX2mg=="
    }
  }
}
